
Microsoft Visual Studio Solution File, Format Version 12.00
# Visual Studio 15
VisualStudioVersion = 15.0.28307.902
MinimumVisualStudioVersion = 10.0.40219.1
Project("{39E2626F-3545-4960-A6E8-258AD8476CE5}") = "Main", "Main\Main.androidproj", "{9E06A01D-048D-4AFE-8EF6-AFFCFB307D2A}"
EndProject
Project("{8BC9CEB8-8B4A-11D0-8D11-00A0C91BC942}") = "NativeLibrary", "NativeLibrary\NativeLibrary.vcxproj", "{575D5046-D002-4283-81DF-955D6A2B055D}"
EndProject
Project("{8BC9CEB8-8B4A-11D0-8D11-00A0C91BC942}") = "png", "png\png.vcxproj", "{0DB50718-BB3A-48F4-AD7F-E65134739E15}"
EndProject
Global
	GlobalSection(SolutionConfigurationPlatforms) = preSolution
		Debug|ARM = Debug|ARM
		Debug|ARM64 = Debug|ARM64
		Debug|x64 = Debug|x64
		Debug|x86 = Debug|x86
		Release|ARM = Release|ARM
		Release|ARM64 = Release|ARM64
		Release|x64 = Release|x64
		Release|x86 = Release|x86
	EndGlobalSection
	GlobalSection(ProjectConfigurationPlatforms) = postSolution
		{9E06A01D-048D-4AFE-8EF6-AFFCFB307D2A}.Debug|ARM.ActiveCfg = Debug|ARM
		{9E06A01D-048D-4AFE-8EF6-AFFCFB307D2A}.Debug|ARM.Build.0 = Debug|ARM
		{9E06A01D-048D-4AFE-8EF6-AFFCFB307D2A}.Debug|ARM.Deploy.0 = Debug|ARM
		{9E06A01D-048D-4AFE-8EF6-AFFCFB307D2A}.Debug|ARM64.ActiveCfg = Debug|ARM
		{9E06A01D-048D-4AFE-8EF6-AFFCFB307D2A}.Debug|ARM64.Build.0 = Debug|ARM
		{9E06A01D-048D-4AFE-8EF6-AFFCFB307D2A}.Debug|ARM64.Deploy.0 = Debug|ARM
		{9E06A01D-048D-4AFE-8EF6-AFFCFB307D2A}.Debug|x64.ActiveCfg = Debug|ARM
		{9E06A01D-048D-4AFE-8EF6-AFFCFB307D2A}.Debug|x64.Build.0 = Debug|ARM
		{9E06A01D-048D-4AFE-8EF6-AFFCFB307D2A}.Debug|x64.Deploy.0 = Debug|ARM
		{9E06A01D-048D-4AFE-8EF6-AFFCFB307D2A}.Debug|x86.ActiveCfg = Debug|ARM
		{9E06A01D-048D-4AFE-8EF6-AFFCFB307D2A}.Debug|x86.Build.0 = Debug|ARM
		{9E06A01D-048D-4AFE-8EF6-AFFCFB307D2A}.Debug|x86.Deploy.0 = Debug|ARM
		{9E06A01D-048D-4AFE-8EF6-AFFCFB307D2A}.Release|ARM.ActiveCfg = Debug|ARM
		{9E06A01D-048D-4AFE-8EF6-AFFCFB307D2A}.Release|ARM.Build.0 = Debug|ARM
		{9E06A01D-048D-4AFE-8EF6-AFFCFB307D2A}.Release|ARM.Deploy.0 = Debug|ARM
		{9E06A01D-048D-4AFE-8EF6-AFFCFB307D2A}.Release|ARM64.ActiveCfg = Debug|ARM
		{9E06A01D-048D-4AFE-8EF6-AFFCFB307D2A}.Release|ARM64.Build.0 = Debug|ARM
		{9E06A01D-048D-4AFE-8EF6-AFFCFB307D2A}.Release|ARM64.Deploy.0 = Debug|ARM
		{9E06A01D-048D-4AFE-8EF6-AFFCFB307D2A}.Release|x64.ActiveCfg = Debug|ARM
		{9E06A01D-048D-4AFE-8EF6-AFFCFB307D2A}.Release|x64.Build.0 = Debug|ARM
		{9E06A01D-048D-4AFE-8EF6-AFFCFB307D2A}.Release|x64.Deploy.0 = Debug|ARM
		{9E06A01D-048D-4AFE-8EF6-AFFCFB307D2A}.Release|x86.ActiveCfg = Debug|ARM
		{9E06A01D-048D-4AFE-8EF6-AFFCFB307D2A}.Release|x86.Build.0 = Debug|ARM
		{9E06A01D-048D-4AFE-8EF6-AFFCFB307D2A}.Release|x86.Deploy.0 = Debug|ARM
		{575D5046-D002-4283-81DF-955D6A2B055D}.Debug|ARM.ActiveCfg = Debug|ARM
		{575D5046-D002-4283-81DF-955D6A2B055D}.Debug|ARM.Build.0 = Debug|ARM
		{575D5046-D002-4283-81DF-955D6A2B055D}.Debug|ARM64.ActiveCfg = Debug|ARM
		{575D5046-D002-4283-81DF-955D6A2B055D}.Debug|ARM64.Build.0 = Debug|ARM
		{575D5046-D002-4283-81DF-955D6A2B055D}.Debug|x64.ActiveCfg = Debug|ARM
		{575D5046-D002-4283-81DF-955D6A2B055D}.Debug|x64.Build.0 = Debug|ARM
		{575D5046-D002-4283-81DF-955D6A2B055D}.Debug|x86.ActiveCfg = Debug|ARM
		{575D5046-D002-4283-81DF-955D6A2B055D}.Debug|x86.Build.0 = Debug|ARM
		{575D5046-D002-4283-81DF-955D6A2B055D}.Release|ARM.ActiveCfg = Debug|ARM
		{575D5046-D002-4283-81DF-955D6A2B055D}.Release|ARM.Build.0 = Debug|ARM
		{575D5046-D002-4283-81DF-955D6A2B055D}.Release|ARM64.ActiveCfg = Debug|ARM
		{575D5046-D002-4283-81DF-955D6A2B055D}.Release|ARM64.Build.0 = Debug|ARM
		{575D5046-D002-4283-81DF-955D6A2B055D}.Release|x64.ActiveCfg = Debug|ARM
		{575D5046-D002-4283-81DF-955D6A2B055D}.Release|x64.Build.0 = Debug|ARM
		{575D5046-D002-4283-81DF-955D6A2B055D}.Release|x86.ActiveCfg = Debug|ARM
		{575D5046-D002-4283-81DF-955D6A2B055D}.Release|x86.Build.0 = Debug|ARM
		{0DB50718-BB3A-48F4-AD7F-E65134739E15}.Debug|ARM.ActiveCfg = Debug|ARM
		{0DB50718-BB3A-48F4-AD7F-E65134739E15}.Debug|ARM.Build.0 = Debug|ARM
		{0DB50718-BB3A-48F4-AD7F-E65134739E15}.Debug|ARM64.ActiveCfg = Debug|ARM
		{0DB50718-BB3A-48F4-AD7F-E65134739E15}.Debug|ARM64.Build.0 = Debug|ARM
		{0DB50718-BB3A-48F4-AD7F-E65134739E15}.Debug|x64.ActiveCfg = Debug|ARM
		{0DB50718-BB3A-48F4-AD7F-E65134739E15}.Debug|x64.Build.0 = Debug|ARM
		{0DB50718-BB3A-48F4-AD7F-E65134739E15}.Debug|x86.ActiveCfg = Debug|ARM
		{0DB50718-BB3A-48F4-AD7F-E65134739E15}.Debug|x86.Build.0 = Debug|ARM
		{0DB50718-BB3A-48F4-AD7F-E65134739E15}.Release|ARM.ActiveCfg = Debug|ARM
		{0DB50718-BB3A-48F4-AD7F-E65134739E15}.Release|ARM.Build.0 = Debug|ARM
		{0DB50718-BB3A-48F4-AD7F-E65134739E15}.Release|ARM64.ActiveCfg = Debug|ARM
		{0DB50718-BB3A-48F4-AD7F-E65134739E15}.Release|ARM64.Build.0 = Debug|ARM
		{0DB50718-BB3A-48F4-AD7F-E65134739E15}.Release|x64.ActiveCfg = Debug|ARM
		{0DB50718-BB3A-48F4-AD7F-E65134739E15}.Release|x64.Build.0 = Debug|ARM
		{0DB50718-BB3A-48F4-AD7F-E65134739E15}.Release|x86.ActiveCfg = Debug|ARM
		{0DB50718-BB3A-48F4-AD7F-E65134739E15}.Release|x86.Build.0 = Debug|ARM
	EndGlobalSection
	GlobalSection(SolutionProperties) = preSolution
		HideSolutionNode = FALSE
	EndGlobalSection
	GlobalSection(ExtensibilityGlobals) = postSolution
		SolutionGuid = {73F26B69-ADD7-4D7F-9533-201F7CBC6E07}
	EndGlobalSection
EndGlobal
