<?xml version="1.0" encoding="utf-8"?>
<Project ToolsVersion="4.0" xmlns="http://schemas.microsoft.com/developer/msbuild/2003">
  <ItemGroup>
    <Filter Include="Source">
      <UniqueIdentifier>{709c17b7-0651-44d0-9204-9f164ccd9576}</UniqueIdentifier>
    </Filter>
    <Filter Include="Source\arm">
      <UniqueIdentifier>{5afcc042-cfec-4ca6-a0e7-4624e300459d}</UniqueIdentifier>
    </Filter>
  </ItemGroup>
  <ItemGroup>
    <ClInclude Include="Source\config.h">
      <Filter>Source</Filter>
    </ClInclude>
    <ClInclude Include="Source\png.h">
      <Filter>Source</Filter>
    </ClInclude>
    <ClInclude Include="Source\pngconf.h">
      <Filter>Source</Filter>
    </ClInclude>
    <ClInclude Include="Source\pngdebug.h">
      <Filter>Source</Filter>
    </ClInclude>
    <ClInclude Include="Source\pnginfo.h">
      <Filter>Source</Filter>
    </ClInclude>
    <ClInclude Include="Source\pnglibconf.h">
      <Filter>Source</Filter>
    </ClInclude>
    <ClInclude Include="Source\pngprefix.h">
      <Filter>Source</Filter>
    </ClInclude>
    <ClInclude Include="Source\pngpriv.h">
      <Filter>Source</Filter>
    </ClInclude>
    <ClInclude Include="Source\pngstruct.h">
      <Filter>Source</Filter>
    </ClInclude>
  </ItemGroup>
  <ItemGroup>
    <ClCompile Include="Source\png.c">
      <Filter>Source</Filter>
    </ClCompile>
    <ClCompile Include="Source\pngerror.c">
      <Filter>Source</Filter>
    </ClCompile>
    <ClCompile Include="Source\pngget.c">
      <Filter>Source</Filter>
    </ClCompile>
    <ClCompile Include="Source\pngmem.c">
      <Filter>Source</Filter>
    </ClCompile>
    <ClCompile Include="Source\pngpread.c">
      <Filter>Source</Filter>
    </ClCompile>
    <ClCompile Include="Source\pngread.c">
      <Filter>Source</Filter>
    </ClCompile>
    <ClCompile Include="Source\pngrio.c">
      <Filter>Source</Filter>
    </ClCompile>
    <ClCompile Include="Source\pngrtran.c">
      <Filter>Source</Filter>
    </ClCompile>
    <ClCompile Include="Source\pngrutil.c">
      <Filter>Source</Filter>
    </ClCompile>
    <ClCompile Include="Source\pngset.c">
      <Filter>Source</Filter>
    </ClCompile>
    <ClCompile Include="Source\pngtest.c">
      <Filter>Source</Filter>
    </ClCompile>
    <ClCompile Include="Source\pngtrans.c">
      <Filter>Source</Filter>
    </ClCompile>
    <ClCompile Include="Source\pngwio.c">
      <Filter>Source</Filter>
    </ClCompile>
    <ClCompile Include="Source\pngwrite.c">
      <Filter>Source</Filter>
    </ClCompile>
    <ClCompile Include="Source\pngwtran.c">
      <Filter>Source</Filter>
    </ClCompile>
    <ClCompile Include="Source\pngwutil.c">
      <Filter>Source</Filter>
    </ClCompile>
    <ClCompile Include="Source\arm\arm_init.c">
      <Filter>Source\arm</Filter>
    </ClCompile>
    <ClCompile Include="Source\arm\filter_neon_intrinsics.c">
      <Filter>Source\arm</Filter>
    </ClCompile>
  </ItemGroup>
  <ItemGroup>
    <None Include="Source\arm\filter_neon.S">
      <Filter>Source\arm</Filter>
    </None>
  </ItemGroup>
</Project>